// !$*UTF8*$!
{
	archiveVersion = 1;
	classes = {
	};
	objectVersion = 46;
	objects = {

/* Begin PBXBuildFile section */
		2D34A6C81B2601B200D539B1 /* Card.m in Sources */ = {isa = PBXBuildFile; fileRef = 2D34A6C71B2601B200D539B1 /* Card.m */; };
		2D34A6CC1B267C0F00D539B1 /* PlayingCard.m in Sources */ = {isa = PBXBuildFile; fileRef = 2D34A6CB1B267C0F00D539B1 /* PlayingCard.m */; };
		2D34A6CF1B267C5500D539B1 /* Deck.m in Sources */ = {isa = PBXBuildFile; fileRef = 2D34A6CE1B267C5500D539B1 /* Deck.m */; };
		2D34A6D21B268DF200D539B1 /* PlayingCardDeck.m in Sources */ = {isa = PBXBuildFile; fileRef = 2D34A6D11B268DF200D539B1 /* PlayingCardDeck.m */; };
		2D4C499B1B37FA3C0007614C /* PlayingCardGameViewController.m in Sources */ = {isa = PBXBuildFile; fileRef = 2D4C499A1B37FA3C0007614C /* PlayingCardGameViewController.m */; };
		2DA919461B24522400ABB7D2 /* main.m in Sources */ = {isa = PBXBuildFile; fileRef = 2DA919451B24522400ABB7D2 /* main.m */; };
		2DA919491B24522400ABB7D2 /* AppDelegate.m in Sources */ = {isa = PBXBuildFile; fileRef = 2DA919481B24522400ABB7D2 /* AppDelegate.m */; };
		2DA9194C1B24522400ABB7D2 /* ViewController.m in Sources */ = {isa = PBXBuildFile; fileRef = 2DA9194B1B24522400ABB7D2 /* ViewController.m */; };
		2DA9194F1B24522400ABB7D2 /* Main.storyboard in Resources */ = {isa = PBXBuildFile; fileRef = 2DA9194D1B24522400ABB7D2 /* Main.storyboard */; };
		2DA919511B24522400ABB7D2 /* Images.xcassets in Resources */ = {isa = PBXBuildFile; fileRef = 2DA919501B24522400ABB7D2 /* Images.xcassets */; };
		2DA919541B24522400ABB7D2 /* LaunchScreen.xib in Resources */ = {isa = PBXBuildFile; fileRef = 2DA919521B24522400ABB7D2 /* LaunchScreen.xib */; };
		2DA919601B24522400ABB7D2 /* CardGameTests.m in Sources */ = {isa = PBXBuildFile; fileRef = 2DA9195F1B24522400ABB7D2 /* CardGameTests.m */; };
		2DF2B8971B291D39005172A8 /* CardMatchingGame.m in Sources */ = {isa = PBXBuildFile; fileRef = 2DF2B8961B291D39005172A8 /* CardMatchingGame.m */; };
/* End PBXBuildFile section */

/* Begin PBXContainerItemProxy section */
		2DA9195A1B24522400ABB7D2 /* PBXContainerItemProxy */ = {
			isa = PBXContainerItemProxy;
			containerPortal = 2DA919381B24522400ABB7D2 /* Project object */;
			proxyType = 1;
			remoteGlobalIDString = 2DA9193F1B24522400ABB7D2;
			remoteInfo = CardGame;
		};
/* End PBXContainerItemProxy section */

/* Begin PBXFileReference section */
		2D34A6C61B2601B200D539B1 /* Card.h */ = {isa = PBXFileReference; fileEncoding = 4; lastKnownFileType = sourcecode.c.h; name = Card.h; path = Model/Card.h; sourceTree = "<group>"; };
		2D34A6C71B2601B200D539B1 /* Card.m */ = {isa = PBXFileReference; fileEncoding = 4; lastKnownFileType = sourcecode.c.objc; name = Card.m; path = Model/Card.m; sourceTree = "<group>"; };
		2D34A6CA1B267C0F00D539B1 /* PlayingCard.h */ = {isa = PBXFileReference; fileEncoding = 4; lastKnownFileType = sourcecode.c.h; name = PlayingCard.h; path = Model/PlayingCard.h; sourceTree = "<group>"; };
		2D34A6CB1B267C0F00D539B1 /* PlayingCard.m */ = {isa = PBXFileReference; fileEncoding = 4; lastKnownFileType = sourcecode.c.objc; name = PlayingCard.m; path = Model/PlayingCard.m; sourceTree = "<group>"; };
		2D34A6CD1B267C5500D539B1 /* Deck.h */ = {isa = PBXFileReference; fileEncoding = 4; lastKnownFileType = sourcecode.c.h; name = Deck.h; path = Model/Deck.h; sourceTree = "<group>"; };
		2D34A6CE1B267C5500D539B1 /* Deck.m */ = {isa = PBXFileReference; fileEncoding = 4; lastKnownFileType = sourcecode.c.objc; name = Deck.m; path = Model/Deck.m; sourceTree = "<group>"; };
		2D34A6D01B268DF200D539B1 /* PlayingCardDeck.h */ = {isa = PBXFileReference; fileEncoding = 4; lastKnownFileType = sourcecode.c.h; name = PlayingCardDeck.h; path = Model/PlayingCardDeck.h; sourceTree = "<group>"; };
		2D34A6D11B268DF200D539B1 /* PlayingCardDeck.m */ = {isa = PBXFileReference; fileEncoding = 4; lastKnownFileType = sourcecode.c.objc; name = PlayingCardDeck.m; path = Model/PlayingCardDeck.m; sourceTree = "<group>"; };
		2D4C49991B37FA3C0007614C /* PlayingCardGameViewController.h */ = {isa = PBXFileReference; fileEncoding = 4; lastKnownFileType = sourcecode.c.h; path = PlayingCardGameViewController.h; sourceTree = "<group>"; };
		2D4C499A1B37FA3C0007614C /* PlayingCardGameViewController.m */ = {isa = PBXFileReference; fileEncoding = 4; lastKnownFileType = sourcecode.c.objc; path = PlayingCardGameViewController.m; sourceTree = "<group>"; };
		2DA919401B24522400ABB7D2 /* CardGame.app */ = {isa = PBXFileReference; explicitFileType = wrapper.application; includeInIndex = 0; path = CardGame.app; sourceTree = BUILT_PRODUCTS_DIR; };
		2DA919441B24522400ABB7D2 /* Info.plist */ = {isa = PBXFileReference; lastKnownFileType = text.plist.xml; path = Info.plist; sourceTree = "<group>"; };
		2DA919451B24522400ABB7D2 /* main.m */ = {isa = PBXFileReference; lastKnownFileType = sourcecode.c.objc; path = main.m; sourceTree = "<group>"; };
		2DA919471B24522400ABB7D2 /* AppDelegate.h */ = {isa = PBXFileReference; lastKnownFileType = sourcecode.c.h; path = AppDelegate.h; sourceTree = "<group>"; };
		2DA919481B24522400ABB7D2 /* AppDelegate.m */ = {isa = PBXFileReference; lastKnownFileType = sourcecode.c.objc; path = AppDelegate.m; sourceTree = "<group>"; };
		2DA9194A1B24522400ABB7D2 /* ViewController.h */ = {isa = PBXFileReference; lastKnownFileType = sourcecode.c.h; path = ViewController.h; sourceTree = "<group>"; };
		2DA9194B1B24522400ABB7D2 /* ViewController.m */ = {isa = PBXFileReference; lastKnownFileType = sourcecode.c.objc; path = ViewController.m; sourceTree = "<group>"; };
		2DA9194E1B24522400ABB7D2 /* Base */ = {isa = PBXFileReference; lastKnownFileType = file.storyboard; name = Base; path = Base.lproj/Main.storyboard; sourceTree = "<group>"; };
		2DA919501B24522400ABB7D2 /* Images.xcassets */ = {isa = PBXFileReference; lastKnownFileType = folder.assetcatalog; path = Images.xcassets; sourceTree = "<group>"; };
		2DA919531B24522400ABB7D2 /* Base */ = {isa = PBXFileReference; lastKnownFileType = file.xib; name = Base; path = Base.lproj/LaunchScreen.xib; sourceTree = "<group>"; };
		2DA919591B24522400ABB7D2 /* CardGameTests.xctest */ = {isa = PBXFileReference; explicitFileType = wrapper.cfbundle; includeInIndex = 0; path = CardGameTests.xctest; sourceTree = BUILT_PRODUCTS_DIR; };
		2DA9195E1B24522400ABB7D2 /* Info.plist */ = {isa = PBXFileReference; lastKnownFileType = text.plist.xml; path = Info.plist; sourceTree = "<group>"; };
		2DA9195F1B24522400ABB7D2 /* CardGameTests.m */ = {isa = PBXFileReference; lastKnownFileType = sourcecode.c.objc; path = CardGameTests.m; sourceTree = "<group>"; };
		2DF2B8951B291D39005172A8 /* CardMatchingGame.h */ = {isa = PBXFileReference; fileEncoding = 4; lastKnownFileType = sourcecode.c.h; name = CardMatchingGame.h; path = Model/CardMatchingGame.h; sourceTree = "<group>"; };
		2DF2B8961B291D39005172A8 /* CardMatchingGame.m */ = {isa = PBXFileReference; fileEncoding = 4; lastKnownFileType = sourcecode.c.objc; name = CardMatchingGame.m; path = Model/CardMatchingGame.m; sourceTree = "<group>"; };
/* End PBXFileReference section */

/* Begin PBXFrameworksBuildPhase section */
		2DA9193D1B24522400ABB7D2 /* Frameworks */ = {
			isa = PBXFrameworksBuildPhase;
			buildActionMask = 2147483647;
			files = (
			);
			runOnlyForDeploymentPostprocessing = 0;
		};
		2DA919561B24522400ABB7D2 /* Frameworks */ = {
			isa = PBXFrameworksBuildPhase;
			buildActionMask = 2147483647;
			files = (
			);
			runOnlyForDeploymentPostprocessing = 0;
		};
/* End PBXFrameworksBuildPhase section */

/* Begin PBXGroup section */
		2D34A6C91B2602A400D539B1 /* Model */ = {
			isa = PBXGroup;
			children = (
				2DF2B8951B291D39005172A8 /* CardMatchingGame.h */,
				2DF2B8961B291D39005172A8 /* CardMatchingGame.m */,
				2D34A6CA1B267C0F00D539B1 /* PlayingCard.h */,
				2D34A6CB1B267C0F00D539B1 /* PlayingCard.m */,
				2D34A6D01B268DF200D539B1 /* PlayingCardDeck.h */,
				2D34A6D11B268DF200D539B1 /* PlayingCardDeck.m */,
				2D34A6C61B2601B200D539B1 /* Card.h */,
				2D34A6C71B2601B200D539B1 /* Card.m */,
				2D34A6CD1B267C5500D539B1 /* Deck.h */,
				2D34A6CE1B267C5500D539B1 /* Deck.m */,
			);
			name = Model;
			sourceTree = "<group>";
		};
		2DA919371B24522400ABB7D2 = {
			isa = PBXGroup;
			children = (
				2DA919421B24522400ABB7D2 /* CardGame */,
				2DA9195C1B24522400ABB7D2 /* CardGameTests */,
				2DA919411B24522400ABB7D2 /* Products */,
			);
			sourceTree = "<group>";
		};
		2DA919411B24522400ABB7D2 /* Products */ = {
			isa = PBXGroup;
			children = (
				2DA919401B24522400ABB7D2 /* CardGame.app */,
				2DA919591B24522400ABB7D2 /* CardGameTests.xctest */,
			);
			name = Products;
			sourceTree = "<group>";
		};
		2DA919421B24522400ABB7D2 /* CardGame */ = {
			isa = PBXGroup;
			children = (
				2D4C49991B37FA3C0007614C /* PlayingCardGameViewController.h */,
				2D4C499A1B37FA3C0007614C /* PlayingCardGameViewController.m */,
				2DA9194A1B24522400ABB7D2 /* ViewController.h */,
				2DA9194B1B24522400ABB7D2 /* ViewController.m */,
				2D34A6C91B2602A400D539B1 /* Model */,
				2DA9194D1B24522400ABB7D2 /* Main.storyboard */,
				2DA919501B24522400ABB7D2 /* Images.xcassets */,
				2DA919521B24522400ABB7D2 /* LaunchScreen.xib */,
				2DA919431B24522400ABB7D2 /* Supporting Files */,
			);
			path = CardGame;
			sourceTree = "<group>";
		};
		2DA919431B24522400ABB7D2 /* Supporting Files */ = {
			isa = PBXGroup;
			children = (
				2DA919471B24522400ABB7D2 /* AppDelegate.h */,
				2DA919481B24522400ABB7D2 /* AppDelegate.m */,
				2DA919441B24522400ABB7D2 /* Info.plist */,
				2DA919451B24522400ABB7D2 /* main.m */,
			);
			name = "Supporting Files";
			sourceTree = "<group>";
		};
		2DA9195C1B24522400ABB7D2 /* CardGameTests */ = {
			isa = PBXGroup;
			children = (
				2DA9195F1B24522400ABB7D2 /* CardGameTests.m */,
				2DA9195D1B24522400ABB7D2 /* Supporting Files */,
			);
			path = CardGameTests;
			sourceTree = "<group>";
		};
		2DA9195D1B24522400ABB7D2 /* Supporting Files */ = {
			isa = PBXGroup;
			children = (
				2DA9195E1B24522400ABB7D2 /* Info.plist */,
			);
			name = "Supporting Files";
			sourceTree = "<group>";
		};
/* End PBXGroup section */

/* Begin PBXNativeTarget section */
		2DA9193F1B24522400ABB7D2 /* CardGame */ = {
			isa = PBXNativeTarget;
			buildConfigurationList = 2DA919631B24522400ABB7D2 /* Build configuration list for PBXNativeTarget "CardGame" */;
			buildPhases = (
				2DA9193C1B24522400ABB7D2 /* Sources */,
				2DA9193D1B24522400ABB7D2 /* Frameworks */,
				2DA9193E1B24522400ABB7D2 /* Resources */,
			);
			buildRules = (
			);
			dependencies = (
			);
			name = CardGame;
			productName = CardGame;
			productReference = 2DA919401B24522400ABB7D2 /* CardGame.app */;
			productType = "com.apple.product-type.application";
		};
		2DA919581B24522400ABB7D2 /* CardGameTests */ = {
			isa = PBXNativeTarget;
			buildConfigurationList = 2DA919661B24522400ABB7D2 /* Build configuration list for PBXNativeTarget "CardGameTests" */;
			buildPhases = (
				2DA919551B24522400ABB7D2 /* Sources */,
				2DA919561B24522400ABB7D2 /* Frameworks */,
				2DA919571B24522400ABB7D2 /* Resources */,
			);
			buildRules = (
			);
			dependencies = (
				2DA9195B1B24522400ABB7D2 /* PBXTargetDependency */,
			);
			name = CardGameTests;
			productName = CardGameTests;
			productReference = 2DA919591B24522400ABB7D2 /* CardGameTests.xctest */;
			productType = "com.apple.product-type.bundle.unit-test";
		};
/* End PBXNativeTarget section */

/* Begin PBXProject section */
		2DA919381B24522400ABB7D2 /* Project object */ = {
			isa = PBXProject;
			attributes = {
				LastUpgradeCheck = 0630;
				ORGANIZATIONNAME = "Hengzhi Yao";
				TargetAttributes = {
					2DA9193F1B24522400ABB7D2 = {
						CreatedOnToolsVersion = 6.3.2;
					};
					2DA919581B24522400ABB7D2 = {
						CreatedOnToolsVersion = 6.3.2;
						TestTargetID = 2DA9193F1B24522400ABB7D2;
					};
				};
			};
			buildConfigurationList = 2DA9193B1B24522400ABB7D2 /* Build configuration list for PBXProject "CardGame" */;
			compatibilityVersion = "Xcode 3.2";
			developmentRegion = English;
			hasScannedForEncodings = 0;
			knownRegions = (
				en,
				Base,
			);
			mainGroup = 2DA919371B24522400ABB7D2;
			productRefGroup = 2DA919411B24522400ABB7D2 /* Products */;
			projectDirPath = "";
			projectRoot = "";
			targets = (
				2DA9193F1B24522400ABB7D2 /* CardGame */,
				2DA919581B24522400ABB7D2 /* CardGameTests */,
			);
		};
/* End PBXProject section */

/* Begin PBXResourcesBuildPhase section */
		2DA9193E1B24522400ABB7D2 /* Resources */ = {
			isa = PBXResourcesBuildPhase;
			buildActionMask = 2147483647;
			files = (
				2DA9194F1B24522400ABB7D2 /* Main.storyboard in Resources */,
				2DA919541B24522400ABB7D2 /* LaunchScreen.xib in Resources */,
				2DA919511B24522400ABB7D2 /* Images.xcassets in Resources */,
			);
			runOnlyForDeploymentPostprocessing = 0;
		};
		2DA919571B24522400ABB7D2 /* Resources */ = {
			isa = PBXResourcesBuildPhase;
			buildActionMask = 2147483647;
			files = (
			);
			runOnlyForDeploymentPostprocessing = 0;
		};
/* End PBXResourcesBuildPhase section */

/* Begin PBXSourcesBuildPhase section */
		2DA9193C1B24522400ABB7D2 /* Sources */ = {
			isa = PBXSourcesBuildPhase;
			buildActionMask = 2147483647;
			files = (
				2DA9194C1B24522400ABB7D2 /* ViewController.m in Sources */,
				2DA919491B24522400ABB7D2 /* AppDelegate.m in Sources */,
				2DA919461B24522400ABB7D2 /* main.m in Sources */,
				2D34A6CC1B267C0F00D539B1 /* PlayingCard.m in Sources */,
				2DF2B8971B291D39005172A8 /* CardMatchingGame.m in Sources */,
				2D34A6D21B268DF200D539B1 /* PlayingCardDeck.m in Sources */,
				2D34A6CF1B267C5500D539B1 /* Deck.m in Sources */,
				2D34A6C81B2601B200D539B1 /* Card.m in Sources */,
				2D4C499B1B37FA3C0007614C /* PlayingCardGameViewController.m in Sources */,
			);
			runOnlyForDeploymentPostprocessing = 0;
		};
		2DA919551B24522400ABB7D2 /* Sources */ = {
			isa = PBXSourcesBuildPhase;
			buildActionMask = 2147483647;
			files = (
				2DA919601B24522400ABB7D2 /* CardGameTests.m in Sources */,
			);
			runOnlyForDeploymentPostprocessing = 0;
		};
/* End PBXSourcesBuildPhase section */

/* Begin PBXTargetDependency section */
		2DA9195B1B24522400ABB7D2 /* PBXTargetDependency */ = {
			isa = PBXTargetDependency;
			target = 2DA9193F1B24522400ABB7D2 /* CardGame */;
			targetProxy = 2DA9195A1B24522400ABB7D2 /* PBXContainerItemProxy */;
		};
/* End PBXTargetDependency section */

/* Begin PBXVariantGroup section */
		2DA9194D1B24522400ABB7D2 /* Main.storyboard */ = {
			isa = PBXVariantGroup;
			children = (
				2DA9194E1B24522400ABB7D2 /* Base */,
			);
			name = Main.storyboard;
			sourceTree = "<group>";
		};
		2DA919521B24522400ABB7D2 /* LaunchScreen.xib */ = {
			isa = PBXVariantGroup;
			children = (
				2DA919531B24522400ABB7D2 /* Base */,
			);
			name = LaunchScreen.xib;
			sourceTree = "<group>";
		};
/* End PBXVariantGroup section */

/* Begin XCBuildConfiguration section */
		2DA919611B24522400ABB7D2 /* Debug */ = {
			isa = XCBuildConfiguration;
			buildSettings = {
				ALWAYS_SEARCH_USER_PATHS = NO;
				CLANG_CXX_LANGUAGE_STANDARD = "gnu++0x";
				CLANG_CXX_LIBRARY = "libc++";
				CLANG_ENABLE_MODULES = YES;
				CLANG_ENABLE_OBJC_ARC = YES;
				CLANG_WARN_BOOL_CONVERSION = YES;
				CLANG_WARN_CONSTANT_CONVERSION = YES;
				CLANG_WARN_DIRECT_OBJC_ISA_USAGE = YES_ERROR;
				CLANG_WARN_EMPTY_BODY = YES;
				CLANG_WARN_ENUM_CONVERSION = YES;
				CLANG_WARN_INT_CONVERSION = YES;
				CLANG_WARN_OBJC_ROOT_CLASS = YES_ERROR;
				CLANG_WARN_UNREACHABLE_CODE = YES;
				CLANG_WARN__DUPLICATE_METHOD_MATCH = YES;
				"CODE_SIGN_IDENTITY[sdk=iphoneos*]" = "iPhone Developer";
				COPY_PHASE_STRIP = NO;
				DEBUG_INFORMATION_FORMAT = "dwarf-with-dsym";
				ENABLE_STRICT_OBJC_MSGSEND = YES;
				GCC_C_LANGUAGE_STANDARD = gnu99;
				GCC_DYNAMIC_NO_PIC = NO;
				GCC_NO_COMMON_BLOCKS = YES;
				GCC_OPTIMIZATION_LEVEL = 0;
				GCC_PREPROCESSOR_DEFINITIONS = (
					"DEBUG=1",
					"$(inherited)",
				);
				GCC_SYMBOLS_PRIVATE_EXTERN = NO;
				GCC_WARN_64_TO_32_BIT_CONVERSION = YES;
				GCC_WARN_ABOUT_RETURN_TYPE = YES_ERROR;
				GCC_WARN_UNDECLARED_SELECTOR = YES;
				GCC_WARN_UNINITIALIZED_AUTOS = YES_AGGRESSIVE;
				GCC_WARN_UNUSED_FUNCTION = YES;
				GCC_WARN_UNUSED_VARIABLE = YES;
				IPHONEOS_DEPLOYMENT_TARGET = 8.3;
				MTL_ENABLE_DEBUG_INFO = YES;
				ONLY_ACTIVE_ARCH = YES;
				SDKROOT = iphoneos;
			};
			name = Debug;
		};
		2DA919621B24522400ABB7D2 /* Release */ = {
			isa = XCBuildConfiguration;
			buildSettings = {
				ALWAYS_SEARCH_USER_PATHS = NO;
				CLANG_CXX_LANGUAGE_STANDARD = "gnu++0x";
				CLANG_CXX_LIBRARY = "libc++";
				CLANG_ENABLE_MODULES = YES;
				CLANG_ENABLE_OBJC_ARC = YES;
				CLANG_WARN_BOOL_CONVERSION = YES;
				CLANG_WARN_CONSTANT_CONVERSION = YES;
				CLANG_WARN_DIRECT_OBJC_ISA_USAGE = YES_ERROR;
				CLANG_WARN_EMPTY_BODY = YES;
				CLANG_WARN_ENUM_CONVERSION = YES;
				CLANG_WARN_INT_CONVERSION = YES;
				CLANG_WARN_OBJC_ROOT_CLASS = YES_ERROR;
				CLANG_WARN_UNREACHABLE_CODE = YES;
				CLANG_WARN__DUPLICATE_METHOD_MATCH = YES;
				"CODE_SIGN_IDENTITY[sdk=iphoneos*]" = "iPhone Developer";
				COPY_PHASE_STRIP = NO;
				DEBUG_INFORMATION_FORMAT = "dwarf-with-dsym";
				ENABLE_NS_ASSERTIONS = NO;
				ENABLE_STRICT_OBJC_MSGSEND = YES;
				GCC_C_LANGUAGE_STANDARD = gnu99;
				GCC_NO_COMMON_BLOCKS = YES;
				GCC_WARN_64_TO_32_BIT_CONVERSION = YES;
				GCC_WARN_ABOUT_RETURN_TYPE = YES_ERROR;
				GCC_WARN_UNDECLARED_SELECTOR = YES;
				GCC_WARN_UNINITIALIZED_AUTOS = YES_AGGRESSIVE;
				GCC_WARN_UNUSED_FUNCTION = YES;
				GCC_WARN_UNUSED_VARIABLE = YES;
				IPHONEOS_DEPLOYMENT_TARGET = 8.3;
				MTL_ENABLE_DEBUG_INFO = NO;
				SDKROOT = iphoneos;
				VALIDATE_PRODUCT = YES;
			};
			name = Release;
		};
		2DA919641B24522400ABB7D2 /* Debug */ = {
			isa = XCBuildConfiguration;
			buildSettings = {
				ASSETCATALOG_COMPILER_APPICON_NAME = AppIcon;
				INFOPLIST_FILE = CardGame/Info.plist;
				LD_RUNPATH_SEARCH_PATHS = "$(inherited) @executable_path/Frameworks";
				PRODUCT_NAME = "$(TARGET_NAME)";
			};
			name = Debug;
		};
		2DA919651B24522400ABB7D2 /* Release */ = {
			isa = XCBuildConfiguration;
			buildSettings = {
				ASSETCATALOG_COMPILER_APPICON_NAME = AppIcon;
				INFOPLIST_FILE = CardGame/Info.plist;
				LD_RUNPATH_SEARCH_PATHS = "$(inherited) @executable_path/Frameworks";
				PRODUCT_NAME = "$(TARGET_NAME)";
			};
			name = Release;
		};
		2DA919671B24522400ABB7D2 /* Debug */ = {
			isa = XCBuildConfiguration;
			buildSettings = {
				BUNDLE_LOADER = "$(TEST_HOST)";
				FRAMEWORK_SEARCH_PATHS = (
					"$(SDKROOT)/Developer/Library/Frameworks",
					"$(inherited)",
				);
				GCC_PREPROCESSOR_DEFINITIONS = (
					"DEBUG=1",
					"$(inherited)",
				);
				INFOPLIST_FILE = CardGameTests/Info.plist;
				LD_RUNPATH_SEARCH_PATHS = "$(inherited) @executable_path/Frameworks @loader_path/Frameworks";
				PRODUCT_NAME = "$(TARGET_NAME)";
				TEST_HOST = "$(BUILT_PRODUCTS_DIR)/CardGame.app/CardGame";
			};
			name = Debug;
		};
		2DA919681B24522400ABB7D2 /* Release */ = {
			isa = XCBuildConfiguration;
			buildSettings = {
				BUNDLE_LOADER = "$(TEST_HOST)";
				FRAMEWORK_SEARCH_PATHS = (
					"$(SDKROOT)/Developer/Library/Frameworks",
					"$(inherited)",
				);
				INFOPLIST_FILE = CardGameTests/Info.plist;
				LD_RUNPATH_SEARCH_PATHS = "$(inherited) @executable_path/Frameworks @loader_path/Frameworks";
				PRODUCT_NAME = "$(TARGET_NAME)";
				TEST_HOST = "$(BUILT_PRODUCTS_DIR)/CardGame.app/CardGame";
			};
			name = Release;
		};
/* End XCBuildConfiguration section */

/* Begin XCConfigurationList section */
		2DA9193B1B24522400ABB7D2 /* Build configuration list for PBXProject "CardGame" */ = {
			isa = XCConfigurationList;
			buildConfigurations = (
				2DA919611B24522400ABB7D2 /* Debug */,
				2DA919621B24522400ABB7D2 /* Release */,
			);
			defaultConfigurationIsVisible = 0;
			defaultConfigurationName = Release;
		};
		2DA919631B24522400ABB7D2 /* Build configuration list for PBXNativeTarget "CardGame" */ = {
			isa = XCConfigurationList;
			buildConfigurations = (
				2DA919641B24522400ABB7D2 /* Debug */,
				2DA919651B24522400ABB7D2 /* Release */,
			);
			defaultConfigurationIsVisible = 0;
			defaultConfigurationName = Release;
		};
		2DA919661B24522400ABB7D2 /* Build configuration list for PBXNativeTarget "CardGameTests" */ = {
			isa = XCConfigurationList;
			buildConfigurations = (
				2DA919671B24522400ABB7D2 /* Debug */,
				2DA919681B24522400ABB7D2 /* Release */,
			);
			defaultConfigurationIsVisible = 0;
			defaultConfigurationName = Release;
		};
/* End XCConfigurationList section */
	};
	rootObject = 2DA919381B24522400ABB7D2 /* Project object */;
}
